
Microsoft Visual Studio Solution File, Format Version 12.00
Project("{FAE04EC0-301F-11D3-BF4B-00C04F79EFBC}") = "Fancy.Blazor", "Fancy.Blazor\Fancy.Blazor.csproj", "{15DDEEA9-6924-41F3-9A50-BE3FFBB15873}"
EndProject
Global
	GlobalSection(SolutionConfigurationPlatforms) = preSolution
		Debug|Any CPU = Debug|Any CPU
		Release|Any CPU = Release|Any CPU
	EndGlobalSection
	GlobalSection(ProjectConfigurationPlatforms) = postSolution
		{15DDEEA9-6924-41F3-9A50-BE3FFBB15873}.Debug|Any CPU.ActiveCfg = Debug|Any CPU
		{15DDEEA9-6924-41F3-9A50-BE3FFBB15873}.Debug|Any CPU.Build.0 = Debug|Any CPU
		{15DDEEA9-6924-41F3-9A50-BE3FFBB15873}.Release|Any CPU.ActiveCfg = Release|Any CPU
		{15DDEEA9-6924-41F3-9A50-BE3FFBB15873}.Release|Any CPU.Build.0 = Release|Any CPU
	EndGlobalSection
EndGlobal
